// !$*UTF8*$!
{
	archiveVersion = 1;
	classes = {
	};
	objectVersion = 56;
	objects = {

/* Begin PBXBuildFile section */
		92A4CE4B2AD518F30006BCE7 /* AppDelegate.swift in Sources */ = {isa = PBXBuildFile; fileRef = 92A4CE4A2AD518F30006BCE7 /* AppDelegate.swift */; };
		92A4CE4D2AD518F30006BCE7 /* SceneDelegate.swift in Sources */ = {isa = PBXBuildFile; fileRef = 92A4CE4C2AD518F30006BCE7 /* SceneDelegate.swift */; };
		92A4CE522AD518F30006BCE7 /* Main.storyboard in Resources */ = {isa = PBXBuildFile; fileRef = 92A4CE502AD518F30006BCE7 /* Main.storyboard */; };
		92A4CE542AD518F50006BCE7 /* Assets.xcassets in Resources */ = {isa = PBXBuildFile; fileRef = 92A4CE532AD518F50006BCE7 /* Assets.xcassets */; };
		92A4CE572AD518F50006BCE7 /* LaunchScreen.storyboard in Resources */ = {isa = PBXBuildFile; fileRef = 92A4CE552AD518F50006BCE7 /* LaunchScreen.storyboard */; };
		92A4CE622AD518F50006BCE7 /* SqLIteDemoProjectTests.swift in Sources */ = {isa = PBXBuildFile; fileRef = 92A4CE612AD518F50006BCE7 /* SqLIteDemoProjectTests.swift */; };
		92A4CE6C2AD518F50006BCE7 /* SqLIteDemoProjectUITests.swift in Sources */ = {isa = PBXBuildFile; fileRef = 92A4CE6B2AD518F50006BCE7 /* SqLIteDemoProjectUITests.swift */; };
		92A4CE6E2AD518F50006BCE7 /* SqLIteDemoProjectUITestsLaunchTests.swift in Sources */ = {isa = PBXBuildFile; fileRef = 92A4CE6D2AD518F50006BCE7 /* SqLIteDemoProjectUITestsLaunchTests.swift */; };
		92A4CE802AD51B600006BCE7 /* MainVc.swift in Sources */ = {isa = PBXBuildFile; fileRef = 92A4CE7F2AD51B600006BCE7 /* MainVc.swift */; };
		92A4CE822AD51B6E0006BCE7 /* PopUpVc.swift in Sources */ = {isa = PBXBuildFile; fileRef = 92A4CE812AD51B6E0006BCE7 /* PopUpVc.swift */; };
		92A4CE852AD51CE70006BCE7 /* UserDataCell.swift in Sources */ = {isa = PBXBuildFile; fileRef = 92A4CE842AD51CE70006BCE7 /* UserDataCell.swift */; };
		92EB8C032AD51FE200AFE97D /* DataBaseManager.swift in Sources */ = {isa = PBXBuildFile; fileRef = 92EB8C022AD51FE200AFE97D /* DataBaseManager.swift */; };
		92EB8C062AD521B200AFE97D /* UserModel.swift in Sources */ = {isa = PBXBuildFile; fileRef = 92EB8C052AD521B200AFE97D /* UserModel.swift */; };
		92EB8C182AD528C800AFE97D /* FMDatabasePool.m in Sources */ = {isa = PBXBuildFile; fileRef = 92EB8C0D2AD528C500AFE97D /* FMDatabasePool.m */; };
		92EB8C192AD528C800AFE97D /* FMDatabase.m in Sources */ = {isa = PBXBuildFile; fileRef = 92EB8C102AD528C600AFE97D /* FMDatabase.m */; };
		92EB8C1A2AD528C800AFE97D /* FMDatabaseQueue.m in Sources */ = {isa = PBXBuildFile; fileRef = 92EB8C132AD528C700AFE97D /* FMDatabaseQueue.m */; };
		92EB8C1B2AD528C800AFE97D /* FMResultSet.m in Sources */ = {isa = PBXBuildFile; fileRef = 92EB8C142AD528C700AFE97D /* FMResultSet.m */; };
		92EB8C1C2AD528C800AFE97D /* FMDatabaseAdditions.m in Sources */ = {isa = PBXBuildFile; fileRef = 92EB8C152AD528C800AFE97D /* FMDatabaseAdditions.m */; };
		92EB8C1E2AD5295D00AFE97D /* DataBaseUtils.swift in Sources */ = {isa = PBXBuildFile; fileRef = 92EB8C1D2AD5295D00AFE97D /* DataBaseUtils.swift */; };
		92EB8C222AD539E800AFE97D /* DemoDataBase.db in Resources */ = {isa = PBXBuildFile; fileRef = 92EB8C212AD539E800AFE97D /* DemoDataBase.db */; };
		92EB8C262AD54AEE00AFE97D /* uiViewController+Extention.swift in Sources */ = {isa = PBXBuildFile; fileRef = 92EB8C252AD54AEE00AFE97D /* uiViewController+Extention.swift */; };
		92EB8C282AD551A300AFE97D /* protocol.swift in Sources */ = {isa = PBXBuildFile; fileRef = 92EB8C272AD551A300AFE97D /* protocol.swift */; };
/* End PBXBuildFile section */

/* Begin PBXContainerItemProxy section */
		92A4CE5E2AD518F50006BCE7 /* PBXContainerItemProxy */ = {
			isa = PBXContainerItemProxy;
			containerPortal = 92A4CE3F2AD518F30006BCE7 /* Project object */;
			proxyType = 1;
			remoteGlobalIDString = 92A4CE462AD518F30006BCE7;
			remoteInfo = SqLIteDemoProject;
		};
		92A4CE682AD518F50006BCE7 /* PBXContainerItemProxy */ = {
			isa = PBXContainerItemProxy;
			containerPortal = 92A4CE3F2AD518F30006BCE7 /* Project object */;
			proxyType = 1;
			remoteGlobalIDString = 92A4CE462AD518F30006BCE7;
			remoteInfo = SqLIteDemoProject;
		};
/* End PBXContainerItemProxy section */

/* Begin PBXFileReference section */
		92A4CE472AD518F30006BCE7 /* SqLIteDemoProject.app */ = {isa = PBXFileReference; explicitFileType = wrapper.application; includeInIndex = 0; path = SqLIteDemoProject.app; sourceTree = BUILT_PRODUCTS_DIR; };
		92A4CE4A2AD518F30006BCE7 /* AppDelegate.swift */ = {isa = PBXFileReference; lastKnownFileType = sourcecode.swift; path = AppDelegate.swift; sourceTree = "<group>"; };
		92A4CE4C2AD518F30006BCE7 /* SceneDelegate.swift */ = {isa = PBXFileReference; lastKnownFileType = sourcecode.swift; path = SceneDelegate.swift; sourceTree = "<group>"; };
		92A4CE512AD518F30006BCE7 /* Base */ = {isa = PBXFileReference; lastKnownFileType = file.storyboard; name = Base; path = Base.lproj/Main.storyboard; sourceTree = "<group>"; };
		92A4CE532AD518F50006BCE7 /* Assets.xcassets */ = {isa = PBXFileReference; lastKnownFileType = folder.assetcatalog; path = Assets.xcassets; sourceTree = "<group>"; };
		92A4CE562AD518F50006BCE7 /* Base */ = {isa = PBXFileReference; lastKnownFileType = file.storyboard; name = Base; path = Base.lproj/LaunchScreen.storyboard; sourceTree = "<group>"; };
		92A4CE582AD518F50006BCE7 /* Info.plist */ = {isa = PBXFileReference; lastKnownFileType = text.plist.xml; path = Info.plist; sourceTree = "<group>"; };
		92A4CE5D2AD518F50006BCE7 /* SqLIteDemoProjectTests.xctest */ = {isa = PBXFileReference; explicitFileType = wrapper.cfbundle; includeInIndex = 0; path = SqLIteDemoProjectTests.xctest; sourceTree = BUILT_PRODUCTS_DIR; };
		92A4CE612AD518F50006BCE7 /* SqLIteDemoProjectTests.swift */ = {isa = PBXFileReference; lastKnownFileType = sourcecode.swift; path = SqLIteDemoProjectTests.swift; sourceTree = "<group>"; };
		92A4CE672AD518F50006BCE7 /* SqLIteDemoProjectUITests.xctest */ = {isa = PBXFileReference; explicitFileType = wrapper.cfbundle; includeInIndex = 0; path = SqLIteDemoProjectUITests.xctest; sourceTree = BUILT_PRODUCTS_DIR; };
		92A4CE6B2AD518F50006BCE7 /* SqLIteDemoProjectUITests.swift */ = {isa = PBXFileReference; lastKnownFileType = sourcecode.swift; path = SqLIteDemoProjectUITests.swift; sourceTree = "<group>"; };
		92A4CE6D2AD518F50006BCE7 /* SqLIteDemoProjectUITestsLaunchTests.swift */ = {isa = PBXFileReference; lastKnownFileType = sourcecode.swift; path = SqLIteDemoProjectUITestsLaunchTests.swift; sourceTree = "<group>"; };
		92A4CE7F2AD51B600006BCE7 /* MainVc.swift */ = {isa = PBXFileReference; lastKnownFileType = sourcecode.swift; path = MainVc.swift; sourceTree = "<group>"; };
		92A4CE812AD51B6E0006BCE7 /* PopUpVc.swift */ = {isa = PBXFileReference; lastKnownFileType = sourcecode.swift; path = PopUpVc.swift; sourceTree = "<group>"; };
		92A4CE842AD51CE70006BCE7 /* UserDataCell.swift */ = {isa = PBXFileReference; lastKnownFileType = sourcecode.swift; path = UserDataCell.swift; sourceTree = "<group>"; };
		92EB8C022AD51FE200AFE97D /* DataBaseManager.swift */ = {isa = PBXFileReference; lastKnownFileType = sourcecode.swift; path = DataBaseManager.swift; sourceTree = "<group>"; };
		92EB8C052AD521B200AFE97D /* UserModel.swift */ = {isa = PBXFileReference; lastKnownFileType = sourcecode.swift; path = UserModel.swift; sourceTree = "<group>"; };
		92EB8C0C2AD528C400AFE97D /* SqLIteDemoProject-Bridging-Header.h */ = {isa = PBXFileReference; lastKnownFileType = sourcecode.c.h; path = "SqLIteDemoProject-Bridging-Header.h"; sourceTree = "<group>"; };
		92EB8C0D2AD528C500AFE97D /* FMDatabasePool.m */ = {isa = PBXFileReference; fileEncoding = 4; lastKnownFileType = sourcecode.c.objc; path = FMDatabasePool.m; sourceTree = "<group>"; };
		92EB8C0E2AD528C500AFE97D /* FMDatabase.h */ = {isa = PBXFileReference; fileEncoding = 4; lastKnownFileType = sourcecode.c.h; path = FMDatabase.h; sourceTree = "<group>"; };
		92EB8C0F2AD528C500AFE97D /* FMDatabaseAdditions.h */ = {isa = PBXFileReference; fileEncoding = 4; lastKnownFileType = sourcecode.c.h; path = FMDatabaseAdditions.h; sourceTree = "<group>"; };
		92EB8C102AD528C600AFE97D /* FMDatabase.m */ = {isa = PBXFileReference; fileEncoding = 4; lastKnownFileType = sourcecode.c.objc; path = FMDatabase.m; sourceTree = "<group>"; };
		92EB8C112AD528C600AFE97D /* FMDB.h */ = {isa = PBXFileReference; fileEncoding = 4; lastKnownFileType = sourcecode.c.h; path = FMDB.h; sourceTree = "<group>"; };
		92EB8C122AD528C600AFE97D /* FMDatabasePool.h */ = {isa = PBXFileReference; fileEncoding = 4; lastKnownFileType = sourcecode.c.h; path = FMDatabasePool.h; sourceTree = "<group>"; };
		92EB8C132AD528C700AFE97D /* FMDatabaseQueue.m */ = {isa = PBXFileReference; fileEncoding = 4; lastKnownFileType = sourcecode.c.objc; path = FMDatabaseQueue.m; sourceTree = "<group>"; };
		92EB8C142AD528C700AFE97D /* FMResultSet.m */ = {isa = PBXFileReference; fileEncoding = 4; lastKnownFileType = sourcecode.c.objc; path = FMResultSet.m; sourceTree = "<group>"; };
		92EB8C152AD528C800AFE97D /* FMDatabaseAdditions.m */ = {isa = PBXFileReference; fileEncoding = 4; lastKnownFileType = sourcecode.c.objc; path = FMDatabaseAdditions.m; sourceTree = "<group>"; };
		92EB8C162AD528C800AFE97D /* FMDatabaseQueue.h */ = {isa = PBXFileReference; fileEncoding = 4; lastKnownFileType = sourcecode.c.h; path = FMDatabaseQueue.h; sourceTree = "<group>"; };
		92EB8C172AD528C800AFE97D /* FMResultSet.h */ = {isa = PBXFileReference; fileEncoding = 4; lastKnownFileType = sourcecode.c.h; path = FMResultSet.h; sourceTree = "<group>"; };
		92EB8C1D2AD5295D00AFE97D /* DataBaseUtils.swift */ = {isa = PBXFileReference; lastKnownFileType = sourcecode.swift; path = DataBaseUtils.swift; sourceTree = "<group>"; };
		92EB8C212AD539E800AFE97D /* DemoDataBase.db */ = {isa = PBXFileReference; lastKnownFileType = file; path = DemoDataBase.db; sourceTree = "<group>"; };
		92EB8C252AD54AEE00AFE97D /* uiViewController+Extention.swift */ = {isa = PBXFileReference; lastKnownFileType = sourcecode.swift; path = "uiViewController+Extention.swift"; sourceTree = "<group>"; };
		92EB8C272AD551A300AFE97D /* protocol.swift */ = {isa = PBXFileReference; lastKnownFileType = sourcecode.swift; path = protocol.swift; sourceTree = "<group>"; };
/* End PBXFileReference section */

/* Begin PBXFrameworksBuildPhase section */
		92A4CE442AD518F30006BCE7 /* Frameworks */ = {
			isa = PBXFrameworksBuildPhase;
			buildActionMask = 2147483647;
			files = (
			);
			runOnlyForDeploymentPostprocessing = 0;
		};
		92A4CE5A2AD518F50006BCE7 /* Frameworks */ = {
			isa = PBXFrameworksBuildPhase;
			buildActionMask = 2147483647;
			files = (
			);
			runOnlyForDeploymentPostprocessing = 0;
		};
		92A4CE642AD518F50006BCE7 /* Frameworks */ = {
			isa = PBXFrameworksBuildPhase;
			buildActionMask = 2147483647;
			files = (
			);
			runOnlyForDeploymentPostprocessing = 0;
		};
/* End PBXFrameworksBuildPhase section */

/* Begin PBXGroup section */
		92A4CE3E2AD518F30006BCE7 = {
			isa = PBXGroup;
			children = (
				92A4CE492AD518F30006BCE7 /* SqLIteDemoProject */,
				92A4CE602AD518F50006BCE7 /* SqLIteDemoProjectTests */,
				92A4CE6A2AD518F50006BCE7 /* SqLIteDemoProjectUITests */,
				92A4CE482AD518F30006BCE7 /* Products */,
			);
			sourceTree = "<group>";
		};
		92A4CE482AD518F30006BCE7 /* Products */ = {
			isa = PBXGroup;
			children = (
				92A4CE472AD518F30006BCE7 /* SqLIteDemoProject.app */,
				92A4CE5D2AD518F50006BCE7 /* SqLIteDemoProjectTests.xctest */,
				92A4CE672AD518F50006BCE7 /* SqLIteDemoProjectUITests.xctest */,
			);
			name = Products;
			sourceTree = "<group>";
		};
		92A4CE492AD518F30006BCE7 /* SqLIteDemoProject */ = {
			isa = PBXGroup;
			children = (
				92A4CE7E2AD519D20006BCE7 /* Application */,
				92EB8C232AD54ABF00AFE97D /* Utils */,
				92A4CE7C2AD519C80006BCE7 /* Model */,
				92A4CE7B2AD519C60006BCE7 /* Controller */,
				92A4CE7A2AD519C30006BCE7 /* View */,
				92A4CE532AD518F50006BCE7 /* Assets.xcassets */,
				92A4CE582AD518F50006BCE7 /* Info.plist */,
			);
			path = SqLIteDemoProject;
			sourceTree = "<group>";
		};
		92A4CE602AD518F50006BCE7 /* SqLIteDemoProjectTests */ = {
			isa = PBXGroup;
			children = (
				92A4CE612AD518F50006BCE7 /* SqLIteDemoProjectTests.swift */,
			);
			path = SqLIteDemoProjectTests;
			sourceTree = "<group>";
		};
		92A4CE6A2AD518F50006BCE7 /* SqLIteDemoProjectUITests */ = {
			isa = PBXGroup;
			children = (
				92A4CE6B2AD518F50006BCE7 /* SqLIteDemoProjectUITests.swift */,
				92A4CE6D2AD518F50006BCE7 /* SqLIteDemoProjectUITestsLaunchTests.swift */,
			);
			path = SqLIteDemoProjectUITests;
			sourceTree = "<group>";
		};
		92A4CE7A2AD519C30006BCE7 /* View */ = {
			isa = PBXGroup;
			children = (
				92A4CE552AD518F50006BCE7 /* LaunchScreen.storyboard */,
				92A4CE502AD518F30006BCE7 /* Main.storyboard */,
			);
			path = View;
			sourceTree = "<group>";
		};
		92A4CE7B2AD519C60006BCE7 /* Controller */ = {
			isa = PBXGroup;
			children = (
				92EB8BFF2AD51F9700AFE97D /* ViewController */,
				92A4CE832AD51CAD0006BCE7 /* CellVc */,
				92EB8C002AD51FAB00AFE97D /* DataBaseFiles */,
			);
			path = Controller;
			sourceTree = "<group>";
		};
		92A4CE7C2AD519C80006BCE7 /* Model */ = {
			isa = PBXGroup;
			children = (
				92EB8C052AD521B200AFE97D /* UserModel.swift */,
				92EB8C272AD551A300AFE97D /* protocol.swift */,
			);
			path = Model;
			sourceTree = "<group>";
		};
		92A4CE7E2AD519D20006BCE7 /* Application */ = {
			isa = PBXGroup;
			children = (
				92A4CE4A2AD518F30006BCE7 /* AppDelegate.swift */,
				92A4CE4C2AD518F30006BCE7 /* SceneDelegate.swift */,
			);
			path = Application;
			sourceTree = "<group>";
		};
		92A4CE832AD51CAD0006BCE7 /* CellVc */ = {
			isa = PBXGroup;
			children = (
				92A4CE842AD51CE70006BCE7 /* UserDataCell.swift */,
			);
			path = CellVc;
			sourceTree = "<group>";
		};
		92EB8BFF2AD51F9700AFE97D /* ViewController */ = {
			isa = PBXGroup;
			children = (
				92A4CE7F2AD51B600006BCE7 /* MainVc.swift */,
				92A4CE812AD51B6E0006BCE7 /* PopUpVc.swift */,
			);
			path = ViewController;
			sourceTree = "<group>";
		};
		92EB8C002AD51FAB00AFE97D /* DataBaseFiles */ = {
			isa = PBXGroup;
			children = (
				92EB8C0B2AD5289000AFE97D /* FMDB */,
				92EB8C042AD5206700AFE97D /* SqliteDb */,
				92EB8C012AD51FBA00AFE97D /* DatabaseManager */,
			);
			path = DataBaseFiles;
			sourceTree = "<group>";
		};
		92EB8C012AD51FBA00AFE97D /* DatabaseManager */ = {
			isa = PBXGroup;
			children = (
				92EB8C022AD51FE200AFE97D /* DataBaseManager.swift */,
				92EB8C1D2AD5295D00AFE97D /* DataBaseUtils.swift */,
			);
			path = DatabaseManager;
			sourceTree = "<group>";
		};
		92EB8C042AD5206700AFE97D /* SqliteDb */ = {
			isa = PBXGroup;
			children = (
				92EB8C212AD539E800AFE97D /* DemoDataBase.db */,
			);
			path = SqliteDb;
			sourceTree = "<group>";
		};
		92EB8C0B2AD5289000AFE97D /* FMDB */ = {
			isa = PBXGroup;
			children = (
				92EB8C0E2AD528C500AFE97D /* FMDatabase.h */,
				92EB8C102AD528C600AFE97D /* FMDatabase.m */,
				92EB8C0F2AD528C500AFE97D /* FMDatabaseAdditions.h */,
				92EB8C152AD528C800AFE97D /* FMDatabaseAdditions.m */,
				92EB8C122AD528C600AFE97D /* FMDatabasePool.h */,
				92EB8C0D2AD528C500AFE97D /* FMDatabasePool.m */,
				92EB8C162AD528C800AFE97D /* FMDatabaseQueue.h */,
				92EB8C132AD528C700AFE97D /* FMDatabaseQueue.m */,
				92EB8C112AD528C600AFE97D /* FMDB.h */,
				92EB8C172AD528C800AFE97D /* FMResultSet.h */,
				92EB8C142AD528C700AFE97D /* FMResultSet.m */,
				92EB8C0C2AD528C400AFE97D /* SqLIteDemoProject-Bridging-Header.h */,
			);
			path = FMDB;
			sourceTree = "<group>";
		};
		92EB8C232AD54ABF00AFE97D /* Utils */ = {
			isa = PBXGroup;
			children = (
				92EB8C242AD54AD000AFE97D /* extention */,
			);
			path = Utils;
			sourceTree = "<group>";
		};
		92EB8C242AD54AD000AFE97D /* extention */ = {
			isa = PBXGroup;
			children = (
				92EB8C252AD54AEE00AFE97D /* uiViewController+Extention.swift */,
			);
			path = extention;
			sourceTree = "<group>";
		};
/* End PBXGroup section */

/* Begin PBXNativeTarget section */
		92A4CE462AD518F30006BCE7 /* SqLIteDemoProject */ = {
			isa = PBXNativeTarget;
			buildConfigurationList = 92A4CE712AD518F50006BCE7 /* Build configuration list for PBXNativeTarget "SqLIteDemoProject" */;
			buildPhases = (
				92A4CE432AD518F30006BCE7 /* Sources */,
				92A4CE442AD518F30006BCE7 /* Frameworks */,
				92A4CE452AD518F30006BCE7 /* Resources */,
			);
			buildRules = (
			);
			dependencies = (
			);
			name = SqLIteDemoProject;
			productName = SqLIteDemoProject;
			productReference = 92A4CE472AD518F30006BCE7 /* SqLIteDemoProject.app */;
			productType = "com.apple.product-type.application";
		};
		92A4CE5C2AD518F50006BCE7 /* SqLIteDemoProjectTests */ = {
			isa = PBXNativeTarget;
			buildConfigurationList = 92A4CE742AD518F50006BCE7 /* Build configuration list for PBXNativeTarget "SqLIteDemoProjectTests" */;
			buildPhases = (
				92A4CE592AD518F50006BCE7 /* Sources */,
				92A4CE5A2AD518F50006BCE7 /* Frameworks */,
				92A4CE5B2AD518F50006BCE7 /* Resources */,
			);
			buildRules = (
			);
			dependencies = (
				92A4CE5F2AD518F50006BCE7 /* PBXTargetDependency */,
			);
			name = SqLIteDemoProjectTests;
			productName = SqLIteDemoProjectTests;
			productReference = 92A4CE5D2AD518F50006BCE7 /* SqLIteDemoProjectTests.xctest */;
			productType = "com.apple.product-type.bundle.unit-test";
		};
		92A4CE662AD518F50006BCE7 /* SqLIteDemoProjectUITests */ = {
			isa = PBXNativeTarget;
			buildConfigurationList = 92A4CE772AD518F50006BCE7 /* Build configuration list for PBXNativeTarget "SqLIteDemoProjectUITests" */;
			buildPhases = (
				92A4CE632AD518F50006BCE7 /* Sources */,
				92A4CE642AD518F50006BCE7 /* Frameworks */,
				92A4CE652AD518F50006BCE7 /* Resources */,
			);
			buildRules = (
			);
			dependencies = (
				92A4CE692AD518F50006BCE7 /* PBXTargetDependency */,
			);
			name = SqLIteDemoProjectUITests;
			productName = SqLIteDemoProjectUITests;
			productReference = 92A4CE672AD518F50006BCE7 /* SqLIteDemoProjectUITests.xctest */;
			productType = "com.apple.product-type.bundle.ui-testing";
		};
/* End PBXNativeTarget section */

/* Begin PBXProject section */
		92A4CE3F2AD518F30006BCE7 /* Project object */ = {
			isa = PBXProject;
			attributes = {
				BuildIndependentTargetsInParallel = 1;
				LastSwiftUpdateCheck = 1410;
				LastUpgradeCheck = 1410;
				TargetAttributes = {
					92A4CE462AD518F30006BCE7 = {
						CreatedOnToolsVersion = 14.1;
						LastSwiftMigration = 1410;
					};
					92A4CE5C2AD518F50006BCE7 = {
						CreatedOnToolsVersion = 14.1;
						TestTargetID = 92A4CE462AD518F30006BCE7;
					};
					92A4CE662AD518F50006BCE7 = {
						CreatedOnToolsVersion = 14.1;
						TestTargetID = 92A4CE462AD518F30006BCE7;
					};
				};
			};
			buildConfigurationList = 92A4CE422AD518F30006BCE7 /* Build configuration list for PBXProject "SqLIteDemoProject" */;
			compatibilityVersion = "Xcode 14.0";
			developmentRegion = en;
			hasScannedForEncodings = 0;
			knownRegions = (
				en,
				Base,
			);
			mainGroup = 92A4CE3E2AD518F30006BCE7;
			productRefGroup = 92A4CE482AD518F30006BCE7 /* Products */;
			projectDirPath = "";
			projectRoot = "";
			targets = (
				92A4CE462AD518F30006BCE7 /* SqLIteDemoProject */,
				92A4CE5C2AD518F50006BCE7 /* SqLIteDemoProjectTests */,
				92A4CE662AD518F50006BCE7 /* SqLIteDemoProjectUITests */,
			);
		};
/* End PBXProject section */

/* Begin PBXResourcesBuildPhase section */
		92A4CE452AD518F30006BCE7 /* Resources */ = {
			isa = PBXResourcesBuildPhase;
			buildActionMask = 2147483647;
			files = (
				92A4CE572AD518F50006BCE7 /* LaunchScreen.storyboard in Resources */,
				92EB8C222AD539E800AFE97D /* DemoDataBase.db in Resources */,
				92A4CE542AD518F50006BCE7 /* Assets.xcassets in Resources */,
				92A4CE522AD518F30006BCE7 /* Main.storyboard in Resources */,
			);
			runOnlyForDeploymentPostprocessing = 0;
		};
		92A4CE5B2AD518F50006BCE7 /* Resources */ = {
			isa = PBXResourcesBuildPhase;
			buildActionMask = 2147483647;
			files = (
			);
			runOnlyForDeploymentPostprocessing = 0;
		};
		92A4CE652AD518F50006BCE7 /* Resources */ = {
			isa = PBXResourcesBuildPhase;
			buildActionMask = 2147483647;
			files = (
			);
			runOnlyForDeploymentPostprocessing = 0;
		};
/* End PBXResourcesBuildPhase section */

/* Begin PBXSourcesBuildPhase section */
		92A4CE432AD518F30006BCE7 /* Sources */ = {
			isa = PBXSourcesBuildPhase;
			buildActionMask = 2147483647;
			files = (
				92A4CE4B2AD518F30006BCE7 /* AppDelegate.swift in Sources */,
				92EB8C062AD521B200AFE97D /* UserModel.swift in Sources */,
				92A4CE852AD51CE70006BCE7 /* UserDataCell.swift in Sources */,
				92EB8C192AD528C800AFE97D /* FMDatabase.m in Sources */,
				92EB8C282AD551A300AFE97D /* protocol.swift in Sources */,
				92EB8C1E2AD5295D00AFE97D /* DataBaseUtils.swift in Sources */,
				92A4CE822AD51B6E0006BCE7 /* PopUpVc.swift in Sources */,
				92EB8C1A2AD528C800AFE97D /* FMDatabaseQueue.m in Sources */,
				92A4CE802AD51B600006BCE7 /* MainVc.swift in Sources */,
				92EB8C182AD528C800AFE97D /* FMDatabasePool.m in Sources */,
				92EB8C1B2AD528C800AFE97D /* FMResultSet.m in Sources */,
				92EB8C262AD54AEE00AFE97D /* uiViewController+Extention.swift in Sources */,
				92EB8C032AD51FE200AFE97D /* DataBaseManager.swift in Sources */,
				92A4CE4D2AD518F30006BCE7 /* SceneDelegate.swift in Sources */,
				92EB8C1C2AD528C800AFE97D /* FMDatabaseAdditions.m in Sources */,
			);
			runOnlyForDeploymentPostprocessing = 0;
		};
		92A4CE592AD518F50006BCE7 /* Sources */ = {
			isa = PBXSourcesBuildPhase;
			buildActionMask = 2147483647;
			files = (
				92A4CE622AD518F50006BCE7 /* SqLIteDemoProjectTests.swift in Sources */,
			);
			runOnlyForDeploymentPostprocessing = 0;
		};
		92A4CE632AD518F50006BCE7 /* Sources */ = {
			isa = PBXSourcesBuildPhase;
			buildActionMask = 2147483647;
			files = (
				92A4CE6C2AD518F50006BCE7 /* SqLIteDemoProjectUITests.swift in Sources */,
				92A4CE6E2AD518F50006BCE7 /* SqLIteDemoProjectUITestsLaunchTests.swift in Sources */,
			);
			runOnlyForDeploymentPostprocessing = 0;
		};
/* End PBXSourcesBuildPhase section */

/* Begin PBXTargetDependency section */
		92A4CE5F2AD518F50006BCE7 /* PBXTargetDependency */ = {
			isa = PBXTargetDependency;
			target = 92A4CE462AD518F30006BCE7 /* SqLIteDemoProject */;
			targetProxy = 92A4CE5E2AD518F50006BCE7 /* PBXContainerItemProxy */;
		};
		92A4CE692AD518F50006BCE7 /* PBXTargetDependency */ = {
			isa = PBXTargetDependency;
			target = 92A4CE462AD518F30006BCE7 /* SqLIteDemoProject */;
			targetProxy = 92A4CE682AD518F50006BCE7 /* PBXContainerItemProxy */;
		};
/* End PBXTargetDependency section */

/* Begin PBXVariantGroup section */
		92A4CE502AD518F30006BCE7 /* Main.storyboard */ = {
			isa = PBXVariantGroup;
			children = (
				92A4CE512AD518F30006BCE7 /* Base */,
			);
			name = Main.storyboard;
			sourceTree = "<group>";
		};
		92A4CE552AD518F50006BCE7 /* LaunchScreen.storyboard */ = {
			isa = PBXVariantGroup;
			children = (
				92A4CE562AD518F50006BCE7 /* Base */,
			);
			name = LaunchScreen.storyboard;
			sourceTree = "<group>";
		};
/* End PBXVariantGroup section */

/* Begin XCBuildConfiguration section */
		92A4CE6F2AD518F50006BCE7 /* Debug */ = {
			isa = XCBuildConfiguration;
			buildSettings = {
				ALWAYS_SEARCH_USER_PATHS = NO;
				CLANG_ANALYZER_NONNULL = YES;
				CLANG_ANALYZER_NUMBER_OBJECT_CONVERSION = YES_AGGRESSIVE;
				CLANG_CXX_LANGUAGE_STANDARD = "gnu++20";
				CLANG_ENABLE_MODULES = YES;
				CLANG_ENABLE_OBJC_ARC = YES;
				CLANG_ENABLE_OBJC_WEAK = YES;
				CLANG_WARN_BLOCK_CAPTURE_AUTORELEASING = YES;
				CLANG_WARN_BOOL_CONVERSION = YES;
				CLANG_WARN_COMMA = YES;
				CLANG_WARN_CONSTANT_CONVERSION = YES;
				CLANG_WARN_DEPRECATED_OBJC_IMPLEMENTATIONS = YES;
				CLANG_WARN_DIRECT_OBJC_ISA_USAGE = YES_ERROR;
				CLANG_WARN_DOCUMENTATION_COMMENTS = YES;
				CLANG_WARN_EMPTY_BODY = YES;
				CLANG_WARN_ENUM_CONVERSION = YES;
				CLANG_WARN_INFINITE_RECURSION = YES;
				CLANG_WARN_INT_CONVERSION = YES;
				CLANG_WARN_NON_LITERAL_NULL_CONVERSION = YES;
				CLANG_WARN_OBJC_IMPLICIT_RETAIN_SELF = YES;
				CLANG_WARN_OBJC_LITERAL_CONVERSION = YES;
				CLANG_WARN_OBJC_ROOT_CLASS = YES_ERROR;
				CLANG_WARN_QUOTED_INCLUDE_IN_FRAMEWORK_HEADER = YES;
				CLANG_WARN_RANGE_LOOP_ANALYSIS = YES;
				CLANG_WARN_STRICT_PROTOTYPES = YES;
				CLANG_WARN_SUSPICIOUS_MOVE = YES;
				CLANG_WARN_UNGUARDED_AVAILABILITY = YES_AGGRESSIVE;
				CLANG_WARN_UNREACHABLE_CODE = YES;
				CLANG_WARN__DUPLICATE_METHOD_MATCH = YES;
				COPY_PHASE_STRIP = NO;
				DEBUG_INFORMATION_FORMAT = dwarf;
				ENABLE_STRICT_OBJC_MSGSEND = YES;
				ENABLE_TESTABILITY = YES;
				GCC_C_LANGUAGE_STANDARD = gnu11;
				GCC_DYNAMIC_NO_PIC = NO;
				GCC_NO_COMMON_BLOCKS = YES;
				GCC_OPTIMIZATION_LEVEL = 0;
				GCC_PREPROCESSOR_DEFINITIONS = (
					"DEBUG=1",
					"$(inherited)",
				);
				GCC_WARN_64_TO_32_BIT_CONVERSION = YES;
				GCC_WARN_ABOUT_RETURN_TYPE = YES_ERROR;
				GCC_WARN_UNDECLARED_SELECTOR = YES;
				GCC_WARN_UNINITIALIZED_AUTOS = YES_AGGRESSIVE;
				GCC_WARN_UNUSED_FUNCTION = YES;
				GCC_WARN_UNUSED_VARIABLE = YES;
				IPHONEOS_DEPLOYMENT_TARGET = 16.1;
				MTL_ENABLE_DEBUG_INFO = INCLUDE_SOURCE;
				MTL_FAST_MATH = YES;
				ONLY_ACTIVE_ARCH = YES;
				SDKROOT = iphoneos;
				SWIFT_ACTIVE_COMPILATION_CONDITIONS = DEBUG;
				SWIFT_OPTIMIZATION_LEVEL = "-Onone";
			};
			name = Debug;
		};
		92A4CE702AD518F50006BCE7 /* Release */ = {
			isa = XCBuildConfiguration;
			buildSettings = {
				ALWAYS_SEARCH_USER_PATHS = NO;
				CLANG_ANALYZER_NONNULL = YES;
				CLANG_ANALYZER_NUMBER_OBJECT_CONVERSION = YES_AGGRESSIVE;
				CLANG_CXX_LANGUAGE_STANDARD = "gnu++20";
				CLANG_ENABLE_MODULES = YES;
				CLANG_ENABLE_OBJC_ARC = YES;
				CLANG_ENABLE_OBJC_WEAK = YES;
				CLANG_WARN_BLOCK_CAPTURE_AUTORELEASING = YES;
				CLANG_WARN_BOOL_CONVERSION = YES;
				CLANG_WARN_COMMA = YES;
				CLANG_WARN_CONSTANT_CONVERSION = YES;
				CLANG_WARN_DEPRECATED_OBJC_IMPLEMENTATIONS = YES;
				CLANG_WARN_DIRECT_OBJC_ISA_USAGE = YES_ERROR;
				CLANG_WARN_DOCUMENTATION_COMMENTS = YES;
				CLANG_WARN_EMPTY_BODY = YES;
				CLANG_WARN_ENUM_CONVERSION = YES;
				CLANG_WARN_INFINITE_RECURSION = YES;
				CLANG_WARN_INT_CONVERSION = YES;
				CLANG_WARN_NON_LITERAL_NULL_CONVERSION = YES;
				CLANG_WARN_OBJC_IMPLICIT_RETAIN_SELF = YES;
				CLANG_WARN_OBJC_LITERAL_CONVERSION = YES;
				CLANG_WARN_OBJC_ROOT_CLASS = YES_ERROR;
				CLANG_WARN_QUOTED_INCLUDE_IN_FRAMEWORK_HEADER = YES;
				CLANG_WARN_RANGE_LOOP_ANALYSIS = YES;
				CLANG_WARN_STRICT_PROTOTYPES = YES;
				CLANG_WARN_SUSPICIOUS_MOVE = YES;
				CLANG_WARN_UNGUARDED_AVAILABILITY = YES_AGGRESSIVE;
				CLANG_WARN_UNREACHABLE_CODE = YES;
				CLANG_WARN__DUPLICATE_METHOD_MATCH = YES;
				COPY_PHASE_STRIP = NO;
				DEBUG_INFORMATION_FORMAT = "dwarf-with-dsym";
				ENABLE_NS_ASSERTIONS = NO;
				ENABLE_STRICT_OBJC_MSGSEND = YES;
				GCC_C_LANGUAGE_STANDARD = gnu11;
				GCC_NO_COMMON_BLOCKS = YES;
				GCC_WARN_64_TO_32_BIT_CONVERSION = YES;
				GCC_WARN_ABOUT_RETURN_TYPE = YES_ERROR;
				GCC_WARN_UNDECLARED_SELECTOR = YES;
				GCC_WARN_UNINITIALIZED_AUTOS = YES_AGGRESSIVE;
				GCC_WARN_UNUSED_FUNCTION = YES;
				GCC_WARN_UNUSED_VARIABLE = YES;
				IPHONEOS_DEPLOYMENT_TARGET = 16.1;
				MTL_ENABLE_DEBUG_INFO = NO;
				MTL_FAST_MATH = YES;
				SDKROOT = iphoneos;
				SWIFT_COMPILATION_MODE = wholemodule;
				SWIFT_OPTIMIZATION_LEVEL = "-O";
				VALIDATE_PRODUCT = YES;
			};
			name = Release;
		};
		92A4CE722AD518F50006BCE7 /* Debug */ = {
			isa = XCBuildConfiguration;
			buildSettings = {
				ASSETCATALOG_COMPILER_APPICON_NAME = AppIcon;
				ASSETCATALOG_COMPILER_GLOBAL_ACCENT_COLOR_NAME = AccentColor;
				CLANG_ENABLE_MODULES = YES;
				CODE_SIGN_STYLE = Automatic;
				CURRENT_PROJECT_VERSION = 1;
				GENERATE_INFOPLIST_FILE = YES;
				INFOPLIST_FILE = SqLIteDemoProject/Info.plist;
				INFOPLIST_KEY_UIApplicationSupportsIndirectInputEvents = YES;
				INFOPLIST_KEY_UILaunchStoryboardName = LaunchScreen;
				INFOPLIST_KEY_UIMainStoryboardFile = Main;
				INFOPLIST_KEY_UISupportedInterfaceOrientations_iPad = "UIInterfaceOrientationPortrait UIInterfaceOrientationPortraitUpsideDown UIInterfaceOrientationLandscapeLeft UIInterfaceOrientationLandscapeRight";
				INFOPLIST_KEY_UISupportedInterfaceOrientations_iPhone = "UIInterfaceOrientationPortrait UIInterfaceOrientationLandscapeLeft UIInterfaceOrientationLandscapeRight";
				LD_RUNPATH_SEARCH_PATHS = (
					"$(inherited)",
					"@executable_path/Frameworks",
				);
				MARKETING_VERSION = 1.0;
				PRODUCT_BUNDLE_IDENTIFIER = abc.test.SqLIteDemoProject;
				PRODUCT_NAME = "$(TARGET_NAME)";
				SWIFT_EMIT_LOC_STRINGS = YES;
				SWIFT_OBJC_BRIDGING_HEADER = "SqLIteDemoProject/Controller/DataBaseFiles/FMDB/SqLIteDemoProject-Bridging-Header.h";
				SWIFT_OPTIMIZATION_LEVEL = "-Onone";
				SWIFT_VERSION = 5.0;
				TARGETED_DEVICE_FAMILY = "1,2";
			};
			name = Debug;
		};
		92A4CE732AD518F50006BCE7 /* Release */ = {
			isa = XCBuildConfiguration;
			buildSettings = {
				ASSETCATALOG_COMPILER_APPICON_NAME = AppIcon;
				ASSETCATALOG_COMPILER_GLOBAL_ACCENT_COLOR_NAME = AccentColor;
				CLANG_ENABLE_MODULES = YES;
				CODE_SIGN_STYLE = Automatic;
				CURRENT_PROJECT_VERSION = 1;
				GENERATE_INFOPLIST_FILE = YES;
				INFOPLIST_FILE = SqLIteDemoProject/Info.plist;
				INFOPLIST_KEY_UIApplicationSupportsIndirectInputEvents = YES;
				INFOPLIST_KEY_UILaunchStoryboardName = LaunchScreen;
				INFOPLIST_KEY_UIMainStoryboardFile = Main;
				INFOPLIST_KEY_UISupportedInterfaceOrientations_iPad = "UIInterfaceOrientationPortrait UIInterfaceOrientationPortraitUpsideDown UIInterfaceOrientationLandscapeLeft UIInterfaceOrientationLandscapeRight";
				INFOPLIST_KEY_UISupportedInterfaceOrientations_iPhone = "UIInterfaceOrientationPortrait UIInterfaceOrientationLandscapeLeft UIInterfaceOrientationLandscapeRight";
				LD_RUNPATH_SEARCH_PATHS = (
					"$(inherited)",
					"@executable_path/Frameworks",
				);
				MARKETING_VERSION = 1.0;
				PRODUCT_BUNDLE_IDENTIFIER = abc.test.SqLIteDemoProject;
				PRODUCT_NAME = "$(TARGET_NAME)";
				SWIFT_EMIT_LOC_STRINGS = YES;
				SWIFT_OBJC_BRIDGING_HEADER = "SqLIteDemoProject/Controller/DataBaseFiles/FMDB/SqLIteDemoProject-Bridging-Header.h";
				SWIFT_VERSION = 5.0;
				TARGETED_DEVICE_FAMILY = "1,2";
			};
			name = Release;
		};
		92A4CE752AD518F50006BCE7 /* Debug */ = {
			isa = XCBuildConfiguration;
			buildSettings = {
				ALWAYS_EMBED_SWIFT_STANDARD_LIBRARIES = YES;
				BUNDLE_LOADER = "$(TEST_HOST)";
				CODE_SIGN_STYLE = Automatic;
				CURRENT_PROJECT_VERSION = 1;
				GENERATE_INFOPLIST_FILE = YES;
				IPHONEOS_DEPLOYMENT_TARGET = 16.1;
				MARKETING_VERSION = 1.0;
				PRODUCT_BUNDLE_IDENTIFIER = abc.test.SqLIteDemoProjectTests;
				PRODUCT_NAME = "$(TARGET_NAME)";
				SWIFT_EMIT_LOC_STRINGS = NO;
				SWIFT_VERSION = 5.0;
				TARGETED_DEVICE_FAMILY = "1,2";
				TEST_HOST = "$(BUILT_PRODUCTS_DIR)/SqLIteDemoProject.app/$(BUNDLE_EXECUTABLE_FOLDER_PATH)/SqLIteDemoProject";
			};
			name = Debug;
		};
		92A4CE762AD518F50006BCE7 /* Release */ = {
			isa = XCBuildConfiguration;
			buildSettings = {
				ALWAYS_EMBED_SWIFT_STANDARD_LIBRARIES = YES;
				BUNDLE_LOADER = "$(TEST_HOST)";
				CODE_SIGN_STYLE = Automatic;
				CURRENT_PROJECT_VERSION = 1;
				GENERATE_INFOPLIST_FILE = YES;
				IPHONEOS_DEPLOYMENT_TARGET = 16.1;
				MARKETING_VERSION = 1.0;
				PRODUCT_BUNDLE_IDENTIFIER = abc.test.SqLIteDemoProjectTests;
				PRODUCT_NAME = "$(TARGET_NAME)";
				SWIFT_EMIT_LOC_STRINGS = NO;
				SWIFT_VERSION = 5.0;
				TARGETED_DEVICE_FAMILY = "1,2";
				TEST_HOST = "$(BUILT_PRODUCTS_DIR)/SqLIteDemoProject.app/$(BUNDLE_EXECUTABLE_FOLDER_PATH)/SqLIteDemoProject";
			};
			name = Release;
		};
		92A4CE782AD518F50006BCE7 /* Debug */ = {
			isa = XCBuildConfiguration;
			buildSettings = {
				ALWAYS_EMBED_SWIFT_STANDARD_LIBRARIES = YES;
				CODE_SIGN_STYLE = Automatic;
				CURRENT_PROJECT_VERSION = 1;
				GENERATE_INFOPLIST_FILE = YES;
				MARKETING_VERSION = 1.0;
				PRODUCT_BUNDLE_IDENTIFIER = abc.test.SqLIteDemoProjectUITests;
				PRODUCT_NAME = "$(TARGET_NAME)";
				SWIFT_EMIT_LOC_STRINGS = NO;
				SWIFT_VERSION = 5.0;
				TARGETED_DEVICE_FAMILY = "1,2";
				TEST_TARGET_NAME = SqLIteDemoProject;
			};
			name = Debug;
		};
		92A4CE792AD518F50006BCE7 /* Release */ = {
			isa = XCBuildConfiguration;
			buildSettings = {
				ALWAYS_EMBED_SWIFT_STANDARD_LIBRARIES = YES;
				CODE_SIGN_STYLE = Automatic;
				CURRENT_PROJECT_VERSION = 1;
				GENERATE_INFOPLIST_FILE = YES;
				MARKETING_VERSION = 1.0;
				PRODUCT_BUNDLE_IDENTIFIER = abc.test.SqLIteDemoProjectUITests;
				PRODUCT_NAME = "$(TARGET_NAME)";
				SWIFT_EMIT_LOC_STRINGS = NO;
				SWIFT_VERSION = 5.0;
				TARGETED_DEVICE_FAMILY = "1,2";
				TEST_TARGET_NAME = SqLIteDemoProject;
			};
			name = Release;
		};
/* End XCBuildConfiguration section */

/* Begin XCConfigurationList section */
		92A4CE422AD518F30006BCE7 /* Build configuration list for PBXProject "SqLIteDemoProject" */ = {
			isa = XCConfigurationList;
			buildConfigurations = (
				92A4CE6F2AD518F50006BCE7 /* Debug */,
				92A4CE702AD518F50006BCE7 /* Release */,
			);
			defaultConfigurationIsVisible = 0;
			defaultConfigurationName = Release;
		};
		92A4CE712AD518F50006BCE7 /* Build configuration list for PBXNativeTarget "SqLIteDemoProject" */ = {
			isa = XCConfigurationList;
			buildConfigurations = (
				92A4CE722AD518F50006BCE7 /* Debug */,
				92A4CE732AD518F50006BCE7 /* Release */,
			);
			defaultConfigurationIsVisible = 0;
			defaultConfigurationName = Release;
		};
		92A4CE742AD518F50006BCE7 /* Build configuration list for PBXNativeTarget "SqLIteDemoProjectTests" */ = {
			isa = XCConfigurationList;
			buildConfigurations = (
				92A4CE752AD518F50006BCE7 /* Debug */,
				92A4CE762AD518F50006BCE7 /* Release */,
			);
			defaultConfigurationIsVisible = 0;
			defaultConfigurationName = Release;
		};
		92A4CE772AD518F50006BCE7 /* Build configuration list for PBXNativeTarget "SqLIteDemoProjectUITests" */ = {
			isa = XCConfigurationList;
			buildConfigurations = (
				92A4CE782AD518F50006BCE7 /* Debug */,
				92A4CE792AD518F50006BCE7 /* Release */,
			);
			defaultConfigurationIsVisible = 0;
			defaultConfigurationName = Release;
		};
/* End XCConfigurationList section */
	};
	rootObject = 92A4CE3F2AD518F30006BCE7 /* Project object */;
}
